
Microsoft Visual Studio Solution File, Format Version 12.00
# Visual Studio Version 17
VisualStudioVersion = 17.10.35027.167
MinimumVisualStudioVersion = 10.0.40219.1
Project("{FAE04EC0-301F-11D3-BF4B-00C04F79EFBC}") = "Switch", "Switch\Switch.csproj", "{A9E97042-1293-4E13-952B-021098C64A11}"
EndProject
Global
	GlobalSection(SolutionConfigurationPlatforms) = preSolution
		Debug|Any CPU = Debug|Any CPU
		Release|Any CPU = Release|Any CPU
	EndGlobalSection
	GlobalSection(ProjectConfigurationPlatforms) = postSolution
		{A9E97042-1293-4E13-952B-021098C64A11}.Debug|Any CPU.ActiveCfg = Debug|Any CPU
		{A9E97042-1293-4E13-952B-021098C64A11}.Debug|Any CPU.Build.0 = Debug|Any CPU
		{A9E97042-1293-4E13-952B-021098C64A11}.Release|Any CPU.ActiveCfg = Release|Any CPU
		{A9E97042-1293-4E13-952B-021098C64A11}.Release|Any CPU.Build.0 = Release|Any CPU
	EndGlobalSection
	GlobalSection(SolutionProperties) = preSolution
		HideSolutionNode = FALSE
	EndGlobalSection
	GlobalSection(ExtensibilityGlobals) = postSolution
		SolutionGuid = {F14A080A-A097-4AC5-960A-B95D7F1860CA}
	EndGlobalSection
EndGlobal
