
Microsoft Visual Studio Solution File, Format Version 12.00
# Visual Studio Version 17
VisualStudioVersion = 17.10.35027.167
MinimumVisualStudioVersion = 10.0.40219.1
Project("{FAE04EC0-301F-11D3-BF4B-00C04F79EFBC}") = "ConsumeSwitch", "ConsumeSwitch\ConsumeSwitch.csproj", "{87E11B5B-997D-48B9-9210-03CF67785B14}"
EndProject
Global
	GlobalSection(SolutionConfigurationPlatforms) = preSolution
		Debug|Any CPU = Debug|Any CPU
		Release|Any CPU = Release|Any CPU
	EndGlobalSection
	GlobalSection(ProjectConfigurationPlatforms) = postSolution
		{87E11B5B-997D-48B9-9210-03CF67785B14}.Debug|Any CPU.ActiveCfg = Debug|Any CPU
		{87E11B5B-997D-48B9-9210-03CF67785B14}.Debug|Any CPU.Build.0 = Debug|Any CPU
		{87E11B5B-997D-48B9-9210-03CF67785B14}.Release|Any CPU.ActiveCfg = Release|Any CPU
		{87E11B5B-997D-48B9-9210-03CF67785B14}.Release|Any CPU.Build.0 = Release|Any CPU
	EndGlobalSection
	GlobalSection(SolutionProperties) = preSolution
		HideSolutionNode = FALSE
	EndGlobalSection
	GlobalSection(ExtensibilityGlobals) = postSolution
		SolutionGuid = {24D5FF3E-2A9B-4A91-93BC-6936692483E9}
	EndGlobalSection
EndGlobal
